{
  "version": "5",
  "specifiers": {
    "jsr:@std/assert@1": "1.0.19",
    "jsr:@std/internal@^1.0.12": "1.0.14",
    "npm:@sentry/deno@^10.75.2": "10.75.2",
    "npm:zod@^4.6.5": "4.6.5"
  },
  "jsr": {
    "@std/assert@1.0.19": {
      "integrity": "eaada96ee120cb980bc47e040f82814d786fe8162ecc53c91d8df60b8755991e",
      "dependencies": [
        "jsr:@std/internal"
      ]
    },
    "@std/internal@1.0.14": {
      "integrity": "291516b3d4c35024d6ffbc0a9df5bf4c64116e05b50012cf846710152d2ffdf7"
    }
  },
  "npm": {
    "@opentelemetry/api@1.9.1": {
      "integrity": "sha512-gLyJlPHPZYdAk1JENA9LeHejZe1Ti77/pTeFm/nMXmQH/HFZlcS/O2XJB+L8fkbrNSqhdtlvjBVjxwUYanNH5Q=="
    },
    "@sentry/conventions@0.16.0": {
      "integrity": "sha512-fO9PLmHdVURcSPUpWCItWAtgKiMwGdJHbovoSEyLplX5sxs2ugvI4CBPTrkkgqhObnZOD0CnWBKDzSVQYBKEyQ=="
    },
    "@sentry/core@10.75.2": {
      "integrity": "sha512-KXzNf2c430cJIOMv84+MKpkXgave1DBNMNNwn073olVD773NME5IhDv/9VQyiFM2wIU+6bm4FEBVEVSuzqgjJw==",
      "dependencies": [
        "@sentry/conventions"
      ]
    },
    "@sentry/deno@10.75.2": {
      "integrity": "sha512-mLgpBD0l83bB0e7LmLNMRhrslfA6SazIemmrJNr34ulDHfikpET8sMpDWIaJO9jftznscErwAuTX8JLI5cTUtQ==",
      "dependencies": [
        "@opentelemetry/api",
        "@sentry/core",
        "@sentry/server-utils"
      ]
    },
    "@sentry/server-utils@10.75.2": {
      "integrity": "sha512-ep8Ntj/vsLHbql1jUMFiRYrleuQ3dENb8oD4Nkjv7hou2j0UKLct1eLbx+TckeVOhYdWmFeO7WJWjRio/a4TOg==",
      "dependencies": [
        "@sentry/conventions",
        "@sentry/core"
      ]
    },
    "zod@4.6.5": {
      "integrity": "sha512-v5l/aFXZQeai4awLbOpSoHecE9UiMrnfx75tEXLjNonXVARxQ5mOeipTjROUchszUNCqnE+hqAMujRsRHsut2Q=="
    }
  },
  "workspace": {
    "dependencies": [
      "jsr:@std/assert@1",
      "npm:@sentry/deno@^10.75.2",
      "npm:@supabase/supabase-js@2",
      "npm:zod@^4.6.5"
    ]
  }
}
